
Microsoft Visual Studio Solution File, Format Version 12.00
# Visual Studio Version 17
VisualStudioVersion = 17.0.32112.339
MinimumVisualStudioVersion = 10.0.40219.1
Project("{FAE04EC0-301F-11D3-BF4B-00C04F79EFBC}") = "Day7MorningProject1", "Day7MorningProject1\Day7MorningProject1.csproj", "{37B07F69-F787-4495-A699-5A188164AD0B}"
EndProject
Global
	GlobalSection(SolutionConfigurationPlatforms) = preSolution
		Debug|Any CPU = Debug|Any CPU
		Release|Any CPU = Release|Any CPU
	EndGlobalSection
	GlobalSection(ProjectConfigurationPlatforms) = postSolution
		{37B07F69-F787-4495-A699-5A188164AD0B}.Debug|Any CPU.ActiveCfg = Debug|Any CPU
		{37B07F69-F787-4495-A699-5A188164AD0B}.Debug|Any CPU.Build.0 = Debug|Any CPU
		{37B07F69-F787-4495-A699-5A188164AD0B}.Release|Any CPU.ActiveCfg = Release|Any CPU
		{37B07F69-F787-4495-A699-5A188164AD0B}.Release|Any CPU.Build.0 = Release|Any CPU
	EndGlobalSection
	GlobalSection(SolutionProperties) = preSolution
		HideSolutionNode = FALSE
	EndGlobalSection
	GlobalSection(ExtensibilityGlobals) = postSolution
		SolutionGuid = {1B216495-BEE3-4151-8542-66DC98D78342}
	EndGlobalSection
EndGlobal
