
Microsoft Visual Studio Solution File, Format Version 12.00
# Visual Studio Version 17
VisualStudioVersion = 17.0.32112.339
MinimumVisualStudioVersion = 10.0.40219.1
Project("{FAE04EC0-301F-11D3-BF4B-00C04F79EFBC}") = "ConsoleApp1", "ConsoleApp1\ConsoleApp1.csproj", "{B712ECAD-0927-477C-A5F7-A3FF40FAD11F}"
EndProject
Global
	GlobalSection(SolutionConfigurationPlatforms) = preSolution
		Debug|Any CPU = Debug|Any CPU
		Release|Any CPU = Release|Any CPU
	EndGlobalSection
	GlobalSection(ProjectConfigurationPlatforms) = postSolution
		{B712ECAD-0927-477C-A5F7-A3FF40FAD11F}.Debug|Any CPU.ActiveCfg = Debug|Any CPU
		{B712ECAD-0927-477C-A5F7-A3FF40FAD11F}.Debug|Any CPU.Build.0 = Debug|Any CPU
		{B712ECAD-0927-477C-A5F7-A3FF40FAD11F}.Release|Any CPU.ActiveCfg = Release|Any CPU
		{B712ECAD-0927-477C-A5F7-A3FF40FAD11F}.Release|Any CPU.Build.0 = Release|Any CPU
	EndGlobalSection
	GlobalSection(SolutionProperties) = preSolution
		HideSolutionNode = FALSE
	EndGlobalSection
	GlobalSection(ExtensibilityGlobals) = postSolution
		SolutionGuid = {93A30A84-5034-41D6-9545-39CF25A1417F}
	EndGlobalSection
EndGlobal
