
Microsoft Visual Studio Solution File, Format Version 12.00
# Visual Studio Version 17
VisualStudioVersion = 17.0.32112.339
MinimumVisualStudioVersion = 10.0.40219.1
Project("{FAE04EC0-301F-11D3-BF4B-00C04F79EFBC}") = "Day13Project5", "Day13Project5\Day13Project5.csproj", "{1DB73254-BC03-4D2F-90E6-E2A9CF366356}"
EndProject
Global
	GlobalSection(SolutionConfigurationPlatforms) = preSolution
		Debug|Any CPU = Debug|Any CPU
		Release|Any CPU = Release|Any CPU
	EndGlobalSection
	GlobalSection(ProjectConfigurationPlatforms) = postSolution
		{1DB73254-BC03-4D2F-90E6-E2A9CF366356}.Debug|Any CPU.ActiveCfg = Debug|Any CPU
		{1DB73254-BC03-4D2F-90E6-E2A9CF366356}.Debug|Any CPU.Build.0 = Debug|Any CPU
		{1DB73254-BC03-4D2F-90E6-E2A9CF366356}.Release|Any CPU.ActiveCfg = Release|Any CPU
		{1DB73254-BC03-4D2F-90E6-E2A9CF366356}.Release|Any CPU.Build.0 = Release|Any CPU
	EndGlobalSection
	GlobalSection(SolutionProperties) = preSolution
		HideSolutionNode = FALSE
	EndGlobalSection
	GlobalSection(ExtensibilityGlobals) = postSolution
		SolutionGuid = {C3A12E99-2DC5-43D8-BD9F-86A529713AB0}
	EndGlobalSection
EndGlobal
