
Microsoft Visual Studio Solution File, Format Version 12.00
# Visual Studio Version 17
VisualStudioVersion = 17.0.32112.339
MinimumVisualStudioVersion = 10.0.40219.1
Project("{FAE04EC0-301F-11D3-BF4B-00C04F79EFBC}") = "SarathClientApp", "SarathClientApp\SarathClientApp.csproj", "{B4F5E6E9-6263-4C9A-A9B9-A3D4E17EE390}"
EndProject
Project("{FAE04EC0-301F-11D3-BF4B-00C04F79EFBC}") = "BusinesslogicLayer", "BusinesslogicLayer\BusinesslogicLayer.csproj", "{7764B12F-1D25-4971-BDE5-9198BFA096DC}"
EndProject
Project("{FAE04EC0-301F-11D3-BF4B-00C04F79EFBC}") = "DataAccessLayer", "DataAccessLayer\DataAccessLayer.csproj", "{CC3D783F-CD17-4B6D-A0F7-A8816172876F}"
EndProject
Global
	GlobalSection(SolutionConfigurationPlatforms) = preSolution
		Debug|Any CPU = Debug|Any CPU
		Release|Any CPU = Release|Any CPU
	EndGlobalSection
	GlobalSection(ProjectConfigurationPlatforms) = postSolution
		{B4F5E6E9-6263-4C9A-A9B9-A3D4E17EE390}.Debug|Any CPU.ActiveCfg = Debug|Any CPU
		{B4F5E6E9-6263-4C9A-A9B9-A3D4E17EE390}.Debug|Any CPU.Build.0 = Debug|Any CPU
		{B4F5E6E9-6263-4C9A-A9B9-A3D4E17EE390}.Release|Any CPU.ActiveCfg = Release|Any CPU
		{B4F5E6E9-6263-4C9A-A9B9-A3D4E17EE390}.Release|Any CPU.Build.0 = Release|Any CPU
		{7764B12F-1D25-4971-BDE5-9198BFA096DC}.Debug|Any CPU.ActiveCfg = Debug|Any CPU
		{7764B12F-1D25-4971-BDE5-9198BFA096DC}.Debug|Any CPU.Build.0 = Debug|Any CPU
		{7764B12F-1D25-4971-BDE5-9198BFA096DC}.Release|Any CPU.ActiveCfg = Release|Any CPU
		{7764B12F-1D25-4971-BDE5-9198BFA096DC}.Release|Any CPU.Build.0 = Release|Any CPU
		{CC3D783F-CD17-4B6D-A0F7-A8816172876F}.Debug|Any CPU.ActiveCfg = Debug|Any CPU
		{CC3D783F-CD17-4B6D-A0F7-A8816172876F}.Debug|Any CPU.Build.0 = Debug|Any CPU
		{CC3D783F-CD17-4B6D-A0F7-A8816172876F}.Release|Any CPU.ActiveCfg = Release|Any CPU
		{CC3D783F-CD17-4B6D-A0F7-A8816172876F}.Release|Any CPU.Build.0 = Release|Any CPU
	EndGlobalSection
	GlobalSection(SolutionProperties) = preSolution
		HideSolutionNode = FALSE
	EndGlobalSection
	GlobalSection(ExtensibilityGlobals) = postSolution
		SolutionGuid = {CD56C53A-1715-429A-B5C4-2CA0F2B814F8}
	EndGlobalSection
EndGlobal
