
Microsoft Visual Studio Solution File, Format Version 12.00
# Visual Studio Version 17
VisualStudioVersion = 17.0.32112.339
MinimumVisualStudioVersion = 10.0.40219.1
Project("{FAE04EC0-301F-11D3-BF4B-00C04F79EFBC}") = "Myclient(desktop)", "Myclient(desktop)\Myclient(desktop).csproj", "{4A98143B-8056-4742-B970-A1536E08403E}"
EndProject
Global
	GlobalSection(SolutionConfigurationPlatforms) = preSolution
		Debug|Any CPU = Debug|Any CPU
		Release|Any CPU = Release|Any CPU
	EndGlobalSection
	GlobalSection(ProjectConfigurationPlatforms) = postSolution
		{4A98143B-8056-4742-B970-A1536E08403E}.Debug|Any CPU.ActiveCfg = Debug|Any CPU
		{4A98143B-8056-4742-B970-A1536E08403E}.Debug|Any CPU.Build.0 = Debug|Any CPU
		{4A98143B-8056-4742-B970-A1536E08403E}.Release|Any CPU.ActiveCfg = Release|Any CPU
		{4A98143B-8056-4742-B970-A1536E08403E}.Release|Any CPU.Build.0 = Release|Any CPU
	EndGlobalSection
	GlobalSection(SolutionProperties) = preSolution
		HideSolutionNode = FALSE
	EndGlobalSection
	GlobalSection(ExtensibilityGlobals) = postSolution
		SolutionGuid = {63897286-9861-4756-AA3C-2A7185216BAF}
	EndGlobalSection
EndGlobal
