
Microsoft Visual Studio Solution File, Format Version 12.00
# Visual Studio Version 17
VisualStudioVersion = 17.0.32112.339
MinimumVisualStudioVersion = 10.0.40219.1
Project("{FAE04EC0-301F-11D3-BF4B-00C04F79EFBC}") = "Day15Project5(Quiz)", "Day15Project5(Quiz)\Day15Project5(Quiz).csproj", "{79727D6F-E163-4590-B71D-AEBEB4419132}"
EndProject
Global
	GlobalSection(SolutionConfigurationPlatforms) = preSolution
		Debug|Any CPU = Debug|Any CPU
		Release|Any CPU = Release|Any CPU
	EndGlobalSection
	GlobalSection(ProjectConfigurationPlatforms) = postSolution
		{79727D6F-E163-4590-B71D-AEBEB4419132}.Debug|Any CPU.ActiveCfg = Debug|Any CPU
		{79727D6F-E163-4590-B71D-AEBEB4419132}.Debug|Any CPU.Build.0 = Debug|Any CPU
		{79727D6F-E163-4590-B71D-AEBEB4419132}.Release|Any CPU.ActiveCfg = Release|Any CPU
		{79727D6F-E163-4590-B71D-AEBEB4419132}.Release|Any CPU.Build.0 = Release|Any CPU
	EndGlobalSection
	GlobalSection(SolutionProperties) = preSolution
		HideSolutionNode = FALSE
	EndGlobalSection
	GlobalSection(ExtensibilityGlobals) = postSolution
		SolutionGuid = {EFFCD2A7-35C6-45BF-9601-691A809D6565}
	EndGlobalSection
EndGlobal
