
Microsoft Visual Studio Solution File, Format Version 12.00
# Visual Studio Version 17
VisualStudioVersion = 17.0.32112.339
MinimumVisualStudioVersion = 10.0.40219.1
Project("{FAE04EC0-301F-11D3-BF4B-00C04F79EFBC}") = "Day8MorningProject3", "Day8MorningProject3\Day8MorningProject3.csproj", "{C70B4BFE-0ED9-4E1E-AC80-E57D50AAB9B1}"
EndProject
Global
	GlobalSection(SolutionConfigurationPlatforms) = preSolution
		Debug|Any CPU = Debug|Any CPU
		Release|Any CPU = Release|Any CPU
	EndGlobalSection
	GlobalSection(ProjectConfigurationPlatforms) = postSolution
		{C70B4BFE-0ED9-4E1E-AC80-E57D50AAB9B1}.Debug|Any CPU.ActiveCfg = Debug|Any CPU
		{C70B4BFE-0ED9-4E1E-AC80-E57D50AAB9B1}.Debug|Any CPU.Build.0 = Debug|Any CPU
		{C70B4BFE-0ED9-4E1E-AC80-E57D50AAB9B1}.Release|Any CPU.ActiveCfg = Release|Any CPU
		{C70B4BFE-0ED9-4E1E-AC80-E57D50AAB9B1}.Release|Any CPU.Build.0 = Release|Any CPU
	EndGlobalSection
	GlobalSection(SolutionProperties) = preSolution
		HideSolutionNode = FALSE
	EndGlobalSection
	GlobalSection(ExtensibilityGlobals) = postSolution
		SolutionGuid = {AA24B9CE-15FF-4A44-AA92-3DB85E26DA5D}
	EndGlobalSection
EndGlobal
