
Microsoft Visual Studio Solution File, Format Version 12.00
# Visual Studio Version 17
VisualStudioVersion = 17.0.32112.339
MinimumVisualStudioVersion = 10.0.40219.1
Project("{FAE04EC0-301F-11D3-BF4B-00C04F79EFBC}") = "Day7MorningProject8", "Day7MorningProject8\Day7MorningProject8.csproj", "{77534945-FE1D-42C7-9AA6-A739730F96AF}"
EndProject
Global
	GlobalSection(SolutionConfigurationPlatforms) = preSolution
		Debug|Any CPU = Debug|Any CPU
		Release|Any CPU = Release|Any CPU
	EndGlobalSection
	GlobalSection(ProjectConfigurationPlatforms) = postSolution
		{77534945-FE1D-42C7-9AA6-A739730F96AF}.Debug|Any CPU.ActiveCfg = Debug|Any CPU
		{77534945-FE1D-42C7-9AA6-A739730F96AF}.Debug|Any CPU.Build.0 = Debug|Any CPU
		{77534945-FE1D-42C7-9AA6-A739730F96AF}.Release|Any CPU.ActiveCfg = Release|Any CPU
		{77534945-FE1D-42C7-9AA6-A739730F96AF}.Release|Any CPU.Build.0 = Release|Any CPU
	EndGlobalSection
	GlobalSection(SolutionProperties) = preSolution
		HideSolutionNode = FALSE
	EndGlobalSection
	GlobalSection(ExtensibilityGlobals) = postSolution
		SolutionGuid = {4D2CB116-1A39-4869-B0CB-5949193251E6}
	EndGlobalSection
EndGlobal
