
Microsoft Visual Studio Solution File, Format Version 12.00
# Visual Studio Version 17
VisualStudioVersion = 17.0.32112.339
MinimumVisualStudioVersion = 10.0.40219.1
Project("{FAE04EC0-301F-11D3-BF4B-00C04F79EFBC}") = "Day15Project2(copyFile)", "Day15Project2(copyFile)\Day15Project2(copyFile).csproj", "{4A1E5D5E-7F2D-4A95-841E-A7A6D52B4879}"
EndProject
Global
	GlobalSection(SolutionConfigurationPlatforms) = preSolution
		Debug|Any CPU = Debug|Any CPU
		Release|Any CPU = Release|Any CPU
	EndGlobalSection
	GlobalSection(ProjectConfigurationPlatforms) = postSolution
		{4A1E5D5E-7F2D-4A95-841E-A7A6D52B4879}.Debug|Any CPU.ActiveCfg = Debug|Any CPU
		{4A1E5D5E-7F2D-4A95-841E-A7A6D52B4879}.Debug|Any CPU.Build.0 = Debug|Any CPU
		{4A1E5D5E-7F2D-4A95-841E-A7A6D52B4879}.Release|Any CPU.ActiveCfg = Release|Any CPU
		{4A1E5D5E-7F2D-4A95-841E-A7A6D52B4879}.Release|Any CPU.Build.0 = Release|Any CPU
	EndGlobalSection
	GlobalSection(SolutionProperties) = preSolution
		HideSolutionNode = FALSE
	EndGlobalSection
	GlobalSection(ExtensibilityGlobals) = postSolution
		SolutionGuid = {E85E3821-BF5A-47A1-9054-AA37EA3B397F}
	EndGlobalSection
EndGlobal
