
Microsoft Visual Studio Solution File, Format Version 12.00
# Visual Studio Version 17
VisualStudioVersion = 17.0.32112.339
MinimumVisualStudioVersion = 10.0.40219.1
Project("{FAE04EC0-301F-11D3-BF4B-00C04F79EFBC}") = "Day10MorningProject7", "Day10MorningProject7\Day10MorningProject7.csproj", "{3F923D2A-3B97-4C10-9A35-DBB31FBF2712}"
EndProject
Global
	GlobalSection(SolutionConfigurationPlatforms) = preSolution
		Debug|Any CPU = Debug|Any CPU
		Release|Any CPU = Release|Any CPU
	EndGlobalSection
	GlobalSection(ProjectConfigurationPlatforms) = postSolution
		{3F923D2A-3B97-4C10-9A35-DBB31FBF2712}.Debug|Any CPU.ActiveCfg = Debug|Any CPU
		{3F923D2A-3B97-4C10-9A35-DBB31FBF2712}.Debug|Any CPU.Build.0 = Debug|Any CPU
		{3F923D2A-3B97-4C10-9A35-DBB31FBF2712}.Release|Any CPU.ActiveCfg = Release|Any CPU
		{3F923D2A-3B97-4C10-9A35-DBB31FBF2712}.Release|Any CPU.Build.0 = Release|Any CPU
	EndGlobalSection
	GlobalSection(SolutionProperties) = preSolution
		HideSolutionNode = FALSE
	EndGlobalSection
	GlobalSection(ExtensibilityGlobals) = postSolution
		SolutionGuid = {89BCE65F-DCDC-4559-9B87-CC4049E8D41E}
	EndGlobalSection
EndGlobal
