
Microsoft Visual Studio Solution File, Format Version 12.00
# Visual Studio Version 17
VisualStudioVersion = 17.0.32112.339
MinimumVisualStudioVersion = 10.0.40219.1
Project("{FAE04EC0-301F-11D3-BF4B-00C04F79EFBC}") = "Day8MorningProject1", "Day8MorningProject1\Day8MorningProject1.csproj", "{5347A034-4EA5-4DAB-9D3F-5E4E7E232A4B}"
EndProject
Global
	GlobalSection(SolutionConfigurationPlatforms) = preSolution
		Debug|Any CPU = Debug|Any CPU
		Release|Any CPU = Release|Any CPU
	EndGlobalSection
	GlobalSection(ProjectConfigurationPlatforms) = postSolution
		{5347A034-4EA5-4DAB-9D3F-5E4E7E232A4B}.Debug|Any CPU.ActiveCfg = Debug|Any CPU
		{5347A034-4EA5-4DAB-9D3F-5E4E7E232A4B}.Debug|Any CPU.Build.0 = Debug|Any CPU
		{5347A034-4EA5-4DAB-9D3F-5E4E7E232A4B}.Release|Any CPU.ActiveCfg = Release|Any CPU
		{5347A034-4EA5-4DAB-9D3F-5E4E7E232A4B}.Release|Any CPU.Build.0 = Release|Any CPU
	EndGlobalSection
	GlobalSection(SolutionProperties) = preSolution
		HideSolutionNode = FALSE
	EndGlobalSection
	GlobalSection(ExtensibilityGlobals) = postSolution
		SolutionGuid = {3CA83AED-B62D-4AC2-9711-35A4ECC6EE5D}
	EndGlobalSection
EndGlobal
