
Microsoft Visual Studio Solution File, Format Version 12.00
# Visual Studio Version 17
VisualStudioVersion = 17.0.32112.339
MinimumVisualStudioVersion = 10.0.40219.1
Project("{FAE04EC0-301F-11D3-BF4B-00C04F79EFBC}") = "Day2EveningProject5while", "Day2EveningProject5while\Day2EveningProject5while.csproj", "{4F070EA2-F626-464E-8224-0AF27C0CE91C}"
EndProject
Global
	GlobalSection(SolutionConfigurationPlatforms) = preSolution
		Debug|Any CPU = Debug|Any CPU
		Release|Any CPU = Release|Any CPU
	EndGlobalSection
	GlobalSection(ProjectConfigurationPlatforms) = postSolution
		{4F070EA2-F626-464E-8224-0AF27C0CE91C}.Debug|Any CPU.ActiveCfg = Debug|Any CPU
		{4F070EA2-F626-464E-8224-0AF27C0CE91C}.Debug|Any CPU.Build.0 = Debug|Any CPU
		{4F070EA2-F626-464E-8224-0AF27C0CE91C}.Release|Any CPU.ActiveCfg = Release|Any CPU
		{4F070EA2-F626-464E-8224-0AF27C0CE91C}.Release|Any CPU.Build.0 = Release|Any CPU
	EndGlobalSection
	GlobalSection(SolutionProperties) = preSolution
		HideSolutionNode = FALSE
	EndGlobalSection
	GlobalSection(ExtensibilityGlobals) = postSolution
		SolutionGuid = {B7279B9F-0E7D-4418-AAC1-8C6F31563105}
	EndGlobalSection
EndGlobal
