
Microsoft Visual Studio Solution File, Format Version 12.00
# Visual Studio Version 17
VisualStudioVersion = 17.0.32112.339
MinimumVisualStudioVersion = 10.0.40219.1
Project("{FAE04EC0-301F-11D3-BF4B-00C04F79EFBC}") = "Day16Project9(Windows)", "Day16Project9(Windows)\Day16Project9(Windows).csproj", "{CA9F82A0-8251-43E1-A119-2AA27AE80B5D}"
EndProject
Global
	GlobalSection(SolutionConfigurationPlatforms) = preSolution
		Debug|Any CPU = Debug|Any CPU
		Release|Any CPU = Release|Any CPU
	EndGlobalSection
	GlobalSection(ProjectConfigurationPlatforms) = postSolution
		{CA9F82A0-8251-43E1-A119-2AA27AE80B5D}.Debug|Any CPU.ActiveCfg = Debug|Any CPU
		{CA9F82A0-8251-43E1-A119-2AA27AE80B5D}.Debug|Any CPU.Build.0 = Debug|Any CPU
		{CA9F82A0-8251-43E1-A119-2AA27AE80B5D}.Release|Any CPU.ActiveCfg = Release|Any CPU
		{CA9F82A0-8251-43E1-A119-2AA27AE80B5D}.Release|Any CPU.Build.0 = Release|Any CPU
	EndGlobalSection
	GlobalSection(SolutionProperties) = preSolution
		HideSolutionNode = FALSE
	EndGlobalSection
	GlobalSection(ExtensibilityGlobals) = postSolution
		SolutionGuid = {423B53CB-AE15-45BF-8565-54B04C2C74C7}
	EndGlobalSection
EndGlobal
