
Microsoft Visual Studio Solution File, Format Version 12.00
# Visual Studio Version 17
VisualStudioVersion = 17.0.32112.339
MinimumVisualStudioVersion = 10.0.40219.1
Project("{FAE04EC0-301F-11D3-BF4B-00C04F79EFBC}") = "Day2EveningProject6while", "Day2EveningProject6while\Day2EveningProject6while.csproj", "{42408FB1-EA06-4CAD-88C0-9565CDBB76A6}"
EndProject
Global
	GlobalSection(SolutionConfigurationPlatforms) = preSolution
		Debug|Any CPU = Debug|Any CPU
		Release|Any CPU = Release|Any CPU
	EndGlobalSection
	GlobalSection(ProjectConfigurationPlatforms) = postSolution
		{42408FB1-EA06-4CAD-88C0-9565CDBB76A6}.Debug|Any CPU.ActiveCfg = Debug|Any CPU
		{42408FB1-EA06-4CAD-88C0-9565CDBB76A6}.Debug|Any CPU.Build.0 = Debug|Any CPU
		{42408FB1-EA06-4CAD-88C0-9565CDBB76A6}.Release|Any CPU.ActiveCfg = Release|Any CPU
		{42408FB1-EA06-4CAD-88C0-9565CDBB76A6}.Release|Any CPU.Build.0 = Release|Any CPU
	EndGlobalSection
	GlobalSection(SolutionProperties) = preSolution
		HideSolutionNode = FALSE
	EndGlobalSection
	GlobalSection(ExtensibilityGlobals) = postSolution
		SolutionGuid = {C17001BC-E50F-41E5-8FE9-9BCE8F7C9426}
	EndGlobalSection
EndGlobal
