
Microsoft Visual Studio Solution File, Format Version 12.00
# Visual Studio Version 17
VisualStudioVersion = 17.0.32112.339
MinimumVisualStudioVersion = 10.0.40219.1
Project("{FAE04EC0-301F-11D3-BF4B-00C04F79EFBC}") = "Day6MorningProject7(lList.string)", "Day6MorningProject7(lList.string)\Day6MorningProject7(lList.string).csproj", "{EC0D5E13-D194-4FA9-A66B-F0B317110CF6}"
EndProject
Global
	GlobalSection(SolutionConfigurationPlatforms) = preSolution
		Debug|Any CPU = Debug|Any CPU
		Release|Any CPU = Release|Any CPU
	EndGlobalSection
	GlobalSection(ProjectConfigurationPlatforms) = postSolution
		{EC0D5E13-D194-4FA9-A66B-F0B317110CF6}.Debug|Any CPU.ActiveCfg = Debug|Any CPU
		{EC0D5E13-D194-4FA9-A66B-F0B317110CF6}.Debug|Any CPU.Build.0 = Debug|Any CPU
		{EC0D5E13-D194-4FA9-A66B-F0B317110CF6}.Release|Any CPU.ActiveCfg = Release|Any CPU
		{EC0D5E13-D194-4FA9-A66B-F0B317110CF6}.Release|Any CPU.Build.0 = Release|Any CPU
	EndGlobalSection
	GlobalSection(SolutionProperties) = preSolution
		HideSolutionNode = FALSE
	EndGlobalSection
	GlobalSection(ExtensibilityGlobals) = postSolution
		SolutionGuid = {0697CA5B-9D34-4340-A275-E8F1B32B10EA}
	EndGlobalSection
EndGlobal
