
Microsoft Visual Studio Solution File, Format Version 12.00
# Visual Studio Version 17
VisualStudioVersion = 17.0.32112.339
MinimumVisualStudioVersion = 10.0.40219.1
Project("{FAE04EC0-301F-11D3-BF4B-00C04F79EFBC}") = "Day14Project1", "Day14Project1\Day14Project1.csproj", "{0F5A4076-A5FA-4D04-9D47-2A82C1006A2D}"
EndProject
Global
	GlobalSection(SolutionConfigurationPlatforms) = preSolution
		Debug|Any CPU = Debug|Any CPU
		Release|Any CPU = Release|Any CPU
	EndGlobalSection
	GlobalSection(ProjectConfigurationPlatforms) = postSolution
		{0F5A4076-A5FA-4D04-9D47-2A82C1006A2D}.Debug|Any CPU.ActiveCfg = Debug|Any CPU
		{0F5A4076-A5FA-4D04-9D47-2A82C1006A2D}.Debug|Any CPU.Build.0 = Debug|Any CPU
		{0F5A4076-A5FA-4D04-9D47-2A82C1006A2D}.Release|Any CPU.ActiveCfg = Release|Any CPU
		{0F5A4076-A5FA-4D04-9D47-2A82C1006A2D}.Release|Any CPU.Build.0 = Release|Any CPU
	EndGlobalSection
	GlobalSection(SolutionProperties) = preSolution
		HideSolutionNode = FALSE
	EndGlobalSection
	GlobalSection(ExtensibilityGlobals) = postSolution
		SolutionGuid = {30F86E6A-2C12-4D34-89AF-BF066ECB3B23}
	EndGlobalSection
EndGlobal
