
Microsoft Visual Studio Solution File, Format Version 12.00
# Visual Studio Version 17
VisualStudioVersion = 17.0.32112.339
MinimumVisualStudioVersion = 10.0.40219.1
Project("{FAE04EC0-301F-11D3-BF4B-00C04F79EFBC}") = "Day3MorningProject5array", "Day3MorningProject5array\Day3MorningProject5array.csproj", "{533DEC30-7726-4650-9505-77D532D1B7E0}"
EndProject
Global
	GlobalSection(SolutionConfigurationPlatforms) = preSolution
		Debug|Any CPU = Debug|Any CPU
		Release|Any CPU = Release|Any CPU
	EndGlobalSection
	GlobalSection(ProjectConfigurationPlatforms) = postSolution
		{533DEC30-7726-4650-9505-77D532D1B7E0}.Debug|Any CPU.ActiveCfg = Debug|Any CPU
		{533DEC30-7726-4650-9505-77D532D1B7E0}.Debug|Any CPU.Build.0 = Debug|Any CPU
		{533DEC30-7726-4650-9505-77D532D1B7E0}.Release|Any CPU.ActiveCfg = Release|Any CPU
		{533DEC30-7726-4650-9505-77D532D1B7E0}.Release|Any CPU.Build.0 = Release|Any CPU
	EndGlobalSection
	GlobalSection(SolutionProperties) = preSolution
		HideSolutionNode = FALSE
	EndGlobalSection
	GlobalSection(ExtensibilityGlobals) = postSolution
		SolutionGuid = {96767CA9-F8BA-439D-B45D-E7E3F167A638}
	EndGlobalSection
EndGlobal
