
Microsoft Visual Studio Solution File, Format Version 12.00
# Visual Studio Version 17
VisualStudioVersion = 17.0.32112.339
MinimumVisualStudioVersion = 10.0.40219.1
Project("{FAE04EC0-301F-11D3-BF4B-00C04F79EFBC}") = "Project1(ReadXml)", "Project1(ReadXml)\Project1(ReadXml).csproj", "{BE46EBE4-59B4-46C1-ACC1-865B7EBBEF96}"
EndProject
Global
	GlobalSection(SolutionConfigurationPlatforms) = preSolution
		Debug|Any CPU = Debug|Any CPU
		Release|Any CPU = Release|Any CPU
	EndGlobalSection
	GlobalSection(ProjectConfigurationPlatforms) = postSolution
		{BE46EBE4-59B4-46C1-ACC1-865B7EBBEF96}.Debug|Any CPU.ActiveCfg = Debug|Any CPU
		{BE46EBE4-59B4-46C1-ACC1-865B7EBBEF96}.Debug|Any CPU.Build.0 = Debug|Any CPU
		{BE46EBE4-59B4-46C1-ACC1-865B7EBBEF96}.Release|Any CPU.ActiveCfg = Release|Any CPU
		{BE46EBE4-59B4-46C1-ACC1-865B7EBBEF96}.Release|Any CPU.Build.0 = Release|Any CPU
	EndGlobalSection
	GlobalSection(SolutionProperties) = preSolution
		HideSolutionNode = FALSE
	EndGlobalSection
	GlobalSection(ExtensibilityGlobals) = postSolution
		SolutionGuid = {373D854C-29E1-4F64-8806-95D5F22F29B4}
	EndGlobalSection
EndGlobal
